# jonga  (/Users/ishraklatif/Documents/IBWD_TEST_REPOS/Test_repo1/jonga)
7874391eef9ead42200fd62fea03bd4bea1efe2a
7874391eef9ead42200fd62fea03bd4bea1efe2a 2025-01-04 08:57:09 -0700 Update url
# typescript-call-graph  (/Users/ishraklatif/Documents/IBWD_TEST_REPOS/Test_repo2/TypeScript-Call-Graph)
f4d29f6b9f91de1c1c268aedfb6f71698b723d21
f4d29f6b9f91de1c1c268aedfb6f71698b723d21 2025-10-26 12:54:44 -0400 version bumps October 2025 (#27)
# msoc  (/Users/ishraklatif/Documents/IBWD_TEST_REPOS/Test_repo3/MSoC)
5a6bfff16491be44d4eccbc8a8c21c8e4de3068d
5a6bfff16491be44d4eccbc8a8c21c8e4de3068d 2025-09-10 22:51:09 +0200 README: Add credits to open source I used and thanks to MSOC
